
Microsoft Visual Studio Solution File, Format Version 12.00
# Visual Studio Version 16
VisualStudioVersion = 16.0.30330.147
MinimumVisualStudioVersion = 10.0.40219.1
Project("{FAE04EC0-301F-11D3-BF4B-00C04F79EFBC}") = "Delegates_WPF", "Delegates_WPF\Delegates_WPF.csproj", "{6886F6DA-C4C5-4CCF-B8A4-524B1C554AC7}"
EndProject
Project("{FAE04EC0-301F-11D3-BF4B-00C04F79EFBC}") = "Delegates_Models", "Delegates_Models\Delegates_Models.csproj", "{88944627-DE02-49DA-AE1D-45B44CEF4D6D}"
EndProject
Global
	GlobalSection(SolutionConfigurationPlatforms) = preSolution
		Debug|Any CPU = Debug|Any CPU
		Release|Any CPU = Release|Any CPU
	EndGlobalSection
	GlobalSection(ProjectConfigurationPlatforms) = postSolution
		{6886F6DA-C4C5-4CCF-B8A4-524B1C554AC7}.Debug|Any CPU.ActiveCfg = Debug|Any CPU
		{6886F6DA-C4C5-4CCF-B8A4-524B1C554AC7}.Debug|Any CPU.Build.0 = Debug|Any CPU
		{6886F6DA-C4C5-4CCF-B8A4-524B1C554AC7}.Release|Any CPU.ActiveCfg = Release|Any CPU
		{6886F6DA-C4C5-4CCF-B8A4-524B1C554AC7}.Release|Any CPU.Build.0 = Release|Any CPU
		{88944627-DE02-49DA-AE1D-45B44CEF4D6D}.Debug|Any CPU.ActiveCfg = Debug|Any CPU
		{88944627-DE02-49DA-AE1D-45B44CEF4D6D}.Debug|Any CPU.Build.0 = Debug|Any CPU
		{88944627-DE02-49DA-AE1D-45B44CEF4D6D}.Release|Any CPU.ActiveCfg = Release|Any CPU
		{88944627-DE02-49DA-AE1D-45B44CEF4D6D}.Release|Any CPU.Build.0 = Release|Any CPU
	EndGlobalSection
	GlobalSection(SolutionProperties) = preSolution
		HideSolutionNode = FALSE
	EndGlobalSection
	GlobalSection(ExtensibilityGlobals) = postSolution
		SolutionGuid = {AED73BE5-5CAD-4C67-A893-2F80A89C069F}
	EndGlobalSection
EndGlobal
