
Microsoft Visual Studio Solution File, Format Version 12.00
# Visual Studio Version 16
VisualStudioVersion = 16.0.31229.75
MinimumVisualStudioVersion = 10.0.40219.1
Project("{FAE04EC0-301F-11D3-BF4B-00C04F79EFBC}") = "Voertuig", "Voertuig\Voertuig.csproj", "{DE6180BE-D247-4D48-B050-4A7DABFE57E4}"
EndProject
Project("{FAE04EC0-301F-11D3-BF4B-00C04F79EFBC}") = "Voertuig_models", "Voertuig_models\Voertuig_models.csproj", "{D69F8E5A-D7AC-4156-9B89-B99D0F02F996}"
EndProject
Global
	GlobalSection(SolutionConfigurationPlatforms) = preSolution
		Debug|Any CPU = Debug|Any CPU
		Release|Any CPU = Release|Any CPU
	EndGlobalSection
	GlobalSection(ProjectConfigurationPlatforms) = postSolution
		{DE6180BE-D247-4D48-B050-4A7DABFE57E4}.Debug|Any CPU.ActiveCfg = Debug|Any CPU
		{DE6180BE-D247-4D48-B050-4A7DABFE57E4}.Debug|Any CPU.Build.0 = Debug|Any CPU
		{DE6180BE-D247-4D48-B050-4A7DABFE57E4}.Release|Any CPU.ActiveCfg = Release|Any CPU
		{DE6180BE-D247-4D48-B050-4A7DABFE57E4}.Release|Any CPU.Build.0 = Release|Any CPU
		{D69F8E5A-D7AC-4156-9B89-B99D0F02F996}.Debug|Any CPU.ActiveCfg = Debug|Any CPU
		{D69F8E5A-D7AC-4156-9B89-B99D0F02F996}.Debug|Any CPU.Build.0 = Debug|Any CPU
		{D69F8E5A-D7AC-4156-9B89-B99D0F02F996}.Release|Any CPU.ActiveCfg = Release|Any CPU
		{D69F8E5A-D7AC-4156-9B89-B99D0F02F996}.Release|Any CPU.Build.0 = Release|Any CPU
	EndGlobalSection
	GlobalSection(SolutionProperties) = preSolution
		HideSolutionNode = FALSE
	EndGlobalSection
	GlobalSection(ExtensibilityGlobals) = postSolution
		SolutionGuid = {580D1FFD-5338-4042-B2FD-45A72F54F162}
	EndGlobalSection
EndGlobal
