
Microsoft Visual Studio Solution File, Format Version 12.00
# Visual Studio Version 16
VisualStudioVersion = 16.0.31229.75
MinimumVisualStudioVersion = 10.0.40219.1
Project("{FAE04EC0-301F-11D3-BF4B-00C04F79EFBC}") = "Werknemer", "Werknemer\Werknemer.csproj", "{88C1A581-177A-4DB9-857F-7703B0E6D2D3}"
EndProject
Global
	GlobalSection(SolutionConfigurationPlatforms) = preSolution
		Debug|Any CPU = Debug|Any CPU
		Release|Any CPU = Release|Any CPU
	EndGlobalSection
	GlobalSection(ProjectConfigurationPlatforms) = postSolution
		{88C1A581-177A-4DB9-857F-7703B0E6D2D3}.Debug|Any CPU.ActiveCfg = Debug|Any CPU
		{88C1A581-177A-4DB9-857F-7703B0E6D2D3}.Debug|Any CPU.Build.0 = Debug|Any CPU
		{88C1A581-177A-4DB9-857F-7703B0E6D2D3}.Release|Any CPU.ActiveCfg = Release|Any CPU
		{88C1A581-177A-4DB9-857F-7703B0E6D2D3}.Release|Any CPU.Build.0 = Release|Any CPU
	EndGlobalSection
	GlobalSection(SolutionProperties) = preSolution
		HideSolutionNode = FALSE
	EndGlobalSection
	GlobalSection(ExtensibilityGlobals) = postSolution
		SolutionGuid = {95252059-823F-4BCB-814F-CDBB538AED05}
	EndGlobalSection
EndGlobal
